
Microsoft Visual Studio Solution File, Format Version 12.00
# Visual Studio 15
Project("{FAE04EC0-301F-11D3-BF4B-00C04F79EFBC}") = "Unity.Timeline", "Unity.Timeline.csproj", "{85BBC831-AF23-5BE2-39F6-B9C75443412B}"
EndProject
Project("{FAE04EC0-301F-11D3-BF4B-00C04F79EFBC}") = "Unity.Timeline.Editor", "Unity.Timeline.Editor.csproj", "{DC8F3E37-054D-A1EF-4FA3-C97E31A99931}"
EndProject
Project("{FAE04EC0-301F-11D3-BF4B-00C04F79EFBC}") = "Unity.TextMeshPro.Editor", "Unity.TextMeshPro.Editor.csproj", "{72A6B1C1-AD0A-7E3F-E56D-ED6561AD393A}"
EndProject
Project("{FAE04EC0-301F-11D3-BF4B-00C04F79EFBC}") = "Unity.VisualScripting.Flow", "Unity.VisualScripting.Flow.csproj", "{CC0F6C4C-0B01-6610-C638-AB0D5587326A}"
EndProject
Project("{FAE04EC0-301F-11D3-BF4B-00C04F79EFBC}") = "UnityEditor.UI", "UnityEditor.UI.csproj", "{EBF71ACC-7E8A-3AB2-182F-DA722BDA413C}"
EndProject
Project("{FAE04EC0-301F-11D3-BF4B-00C04F79EFBC}") = "Unity.PlasticSCM.Editor", "Unity.PlasticSCM.Editor.csproj", "{37F64A4D-9850-9F20-0199-D24BC60F662E}"
EndProject
Project("{FAE04EC0-301F-11D3-BF4B-00C04F79EFBC}") = "Unity.VisualScripting.Core", "Unity.VisualScripting.Core.csproj", "{BF619ADE-842C-B54D-EFA9-9F2A9AEE125D}"
EndProject
Project("{FAE04EC0-301F-11D3-BF4B-00C04F79EFBC}") = "Unity.VisualScripting.Core.Editor", "Unity.VisualScripting.Core.Editor.csproj", "{194D8462-07B8-A458-2FF8-E7B77B80F080}"
EndProject
Project("{FAE04EC0-301F-11D3-BF4B-00C04F79EFBC}") = "Unity.VisualScripting.Flow.Editor", "Unity.VisualScripting.Flow.Editor.csproj", "{B892DABA-057C-CAD6-785B-4ABA3DB3ABC7}"
EndProject
Project("{FAE04EC0-301F-11D3-BF4B-00C04F79EFBC}") = "UnityEditor.TestRunner", "UnityEditor.TestRunner.csproj", "{429A78CC-F478-AF59-1519-CF06F9444497}"
EndProject
Project("{FAE04EC0-301F-11D3-BF4B-00C04F79EFBC}") = "Unity.VisualScripting.SettingsProvider.Editor", "Unity.VisualScripting.SettingsProvider.Editor.csproj", "{AD1BE77A-3F81-403F-FDE1-CCFDACC7E6D8}"
EndProject
Project("{FAE04EC0-301F-11D3-BF4B-00C04F79EFBC}") = "UnityEngine.TestRunner", "UnityEngine.TestRunner.csproj", "{B8989066-B071-AB00-9393-26F41D6506DB}"
EndProject
Project("{FAE04EC0-301F-11D3-BF4B-00C04F79EFBC}") = "UnityEngine.UI", "UnityEngine.UI.csproj", "{2774BE39-9C77-9997-4589-2D0A527C5B89}"
EndProject
Project("{FAE04EC0-301F-11D3-BF4B-00C04F79EFBC}") = "Unity.VisualStudio.Editor", "Unity.VisualStudio.Editor.csproj", "{C0F5964D-B004-751B-7859-A14AF42B1B52}"
EndProject
Project("{FAE04EC0-301F-11D3-BF4B-00C04F79EFBC}") = "Unity.TestTools.CodeCoverage.Editor.OpenCover.Model", "Unity.TestTools.CodeCoverage.Editor.OpenCover.Model.csproj", "{E8BB4B6A-8429-50BE-D11E-DA2D58BEC1BE}"
EndProject
Project("{FAE04EC0-301F-11D3-BF4B-00C04F79EFBC}") = "Unity.Rider.Editor", "Unity.Rider.Editor.csproj", "{70F9AD83-C679-47CF-D13B-9EB20762D5DD}"
EndProject
Project("{FAE04EC0-301F-11D3-BF4B-00C04F79EFBC}") = "Unity.Postprocessing.Runtime", "Unity.Postprocessing.Runtime.csproj", "{570D7730-FB05-BDD1-5954-CDE1E40E29DF}"
EndProject
Project("{FAE04EC0-301F-11D3-BF4B-00C04F79EFBC}") = "Unity.VisualScripting.State.Editor", "Unity.VisualScripting.State.Editor.csproj", "{46890203-6552-6630-8ACA-CC3E40A4F2A7}"
EndProject
Project("{FAE04EC0-301F-11D3-BF4B-00C04F79EFBC}") = "Unity.TestTools.CodeCoverage.Editor", "Unity.TestTools.CodeCoverage.Editor.csproj", "{BB8D74FB-8C80-C1AC-C7FE-25BF704E9E56}"
EndProject
Project("{FAE04EC0-301F-11D3-BF4B-00C04F79EFBC}") = "Unity.Postprocessing.Editor", "Unity.Postprocessing.Editor.csproj", "{559E06A2-1EDF-2558-7907-7C643F6F435C}"
EndProject
Project("{FAE04EC0-301F-11D3-BF4B-00C04F79EFBC}") = "Unity.VisualScripting.State", "Unity.VisualScripting.State.csproj", "{8EF896B1-B76B-2B17-ED27-0D8C9EDC2E0C}"
EndProject
Project("{FAE04EC0-301F-11D3-BF4B-00C04F79EFBC}") = "Assembly-CSharp", "Assembly-CSharp.csproj", "{315199F4-A4AC-B62C-BC8B-2298E4AA28DA}"
EndProject
Project("{FAE04EC0-301F-11D3-BF4B-00C04F79EFBC}") = "Unity.TextMeshPro", "Unity.TextMeshPro.csproj", "{9648BF42-8BC2-A434-C375-F71A1AA5A294}"
EndProject
Project("{FAE04EC0-301F-11D3-BF4B-00C04F79EFBC}") = "Unity.Performance.Profile-Analyzer.Editor", "Unity.Performance.Profile-Analyzer.Editor.csproj", "{0A169E5D-8FFF-6B4B-FAA2-0558EC8D1968}"
EndProject
Project("{FAE04EC0-301F-11D3-BF4B-00C04F79EFBC}") = "Unity.VSCode.Editor", "Unity.VSCode.Editor.csproj", "{E1F113BB-9EE3-57EC-803E-944C3993BC83}"
EndProject
Project("{FAE04EC0-301F-11D3-BF4B-00C04F79EFBC}") = "Unity.TestTools.CodeCoverage.Editor.OpenCover.Mono.Reflection", "Unity.TestTools.CodeCoverage.Editor.OpenCover.Mono.Reflection.csproj", "{98FFB4EC-2E6D-2BDF-8954-1F702C373161}"
EndProject
Project("{FAE04EC0-301F-11D3-BF4B-00C04F79EFBC}") = "Unity.Settings.Editor", "Unity.Settings.Editor.csproj", "{4CE714BD-BA76-48EC-9F56-D5F0645D938A}"
EndProject
Project("{FAE04EC0-301F-11D3-BF4B-00C04F79EFBC}") = "Unity.EditorCoroutines.Editor", "Unity.EditorCoroutines.Editor.csproj", "{92F2684D-C2E5-4176-869E-733DD76C51DD}"
EndProject
Project("{FAE04EC0-301F-11D3-BF4B-00C04F79EFBC}") = "Unity.VisualScripting.Shared.Editor", "Unity.VisualScripting.Shared.Editor.csproj", "{C929CD59-5C22-8658-5575-44B0E9E2E875}"
EndProject
Project("{FAE04EC0-301F-11D3-BF4B-00C04F79EFBC}") = "Unity.CollabProxy.Editor", "Unity.CollabProxy.Editor.csproj", "{2D271FD0-50E9-F302-6D84-104D4DD5702E}"
EndProject
Global
	GlobalSection(SolutionConfigurationPlatforms) = preSolution
		Debug|Any CPU = Debug|Any CPU
		Release|Any CPU = Release|Any CPU
	EndGlobalSection
	GlobalSection(ProjectConfigurationPlatforms) = postSolution
		{85BBC831-AF23-5BE2-39F6-B9C75443412B}.Debug|Any CPU.ActiveCfg = Debug|Any CPU
		{85BBC831-AF23-5BE2-39F6-B9C75443412B}.Debug|Any CPU.Build.0 = Debug|Any CPU
		{85BBC831-AF23-5BE2-39F6-B9C75443412B}.Release|Any CPU.ActiveCfg = Release|Any CPU
		{85BBC831-AF23-5BE2-39F6-B9C75443412B}.Release|Any CPU.Build.0 = Release|Any CPU
		{DC8F3E37-054D-A1EF-4FA3-C97E31A99931}.Debug|Any CPU.ActiveCfg = Debug|Any CPU
		{DC8F3E37-054D-A1EF-4FA3-C97E31A99931}.Debug|Any CPU.Build.0 = Debug|Any CPU
		{DC8F3E37-054D-A1EF-4FA3-C97E31A99931}.Release|Any CPU.ActiveCfg = Release|Any CPU
		{DC8F3E37-054D-A1EF-4FA3-C97E31A99931}.Release|Any CPU.Build.0 = Release|Any CPU
		{72A6B1C1-AD0A-7E3F-E56D-ED6561AD393A}.Debug|Any CPU.ActiveCfg = Debug|Any CPU
		{72A6B1C1-AD0A-7E3F-E56D-ED6561AD393A}.Debug|Any CPU.Build.0 = Debug|Any CPU
		{72A6B1C1-AD0A-7E3F-E56D-ED6561AD393A}.Release|Any CPU.ActiveCfg = Release|Any CPU
		{72A6B1C1-AD0A-7E3F-E56D-ED6561AD393A}.Release|Any CPU.Build.0 = Release|Any CPU
		{CC0F6C4C-0B01-6610-C638-AB0D5587326A}.Debug|Any CPU.ActiveCfg = Debug|Any CPU
		{CC0F6C4C-0B01-6610-C638-AB0D5587326A}.Debug|Any CPU.Build.0 = Debug|Any CPU
		{CC0F6C4C-0B01-6610-C638-AB0D5587326A}.Release|Any CPU.ActiveCfg = Release|Any CPU
		{CC0F6C4C-0B01-6610-C638-AB0D5587326A}.Release|Any CPU.Build.0 = Release|Any CPU
		{EBF71ACC-7E8A-3AB2-182F-DA722BDA413C}.Debug|Any CPU.ActiveCfg = Debug|Any CPU
		{EBF71ACC-7E8A-3AB2-182F-DA722BDA413C}.Debug|Any CPU.Build.0 = Debug|Any CPU
		{EBF71ACC-7E8A-3AB2-182F-DA722BDA413C}.Release|Any CPU.ActiveCfg = Release|Any CPU
		{EBF71ACC-7E8A-3AB2-182F-DA722BDA413C}.Release|Any CPU.Build.0 = Release|Any CPU
		{37F64A4D-9850-9F20-0199-D24BC60F662E}.Debug|Any CPU.ActiveCfg = Debug|Any CPU
		{37F64A4D-9850-9F20-0199-D24BC60F662E}.Debug|Any CPU.Build.0 = Debug|Any CPU
		{37F64A4D-9850-9F20-0199-D24BC60F662E}.Release|Any CPU.ActiveCfg = Release|Any CPU
		{37F64A4D-9850-9F20-0199-D24BC60F662E}.Release|Any CPU.Build.0 = Release|Any CPU
		{BF619ADE-842C-B54D-EFA9-9F2A9AEE125D}.Debug|Any CPU.ActiveCfg = Debug|Any CPU
		{BF619ADE-842C-B54D-EFA9-9F2A9AEE125D}.Debug|Any CPU.Build.0 = Debug|Any CPU
		{BF619ADE-842C-B54D-EFA9-9F2A9AEE125D}.Release|Any CPU.ActiveCfg = Release|Any CPU
		{BF619ADE-842C-B54D-EFA9-9F2A9AEE125D}.Release|Any CPU.Build.0 = Release|Any CPU
		{194D8462-07B8-A458-2FF8-E7B77B80F080}.Debug|Any CPU.ActiveCfg = Debug|Any CPU
		{194D8462-07B8-A458-2FF8-E7B77B80F080}.Debug|Any CPU.Build.0 = Debug|Any CPU
		{194D8462-07B8-A458-2FF8-E7B77B80F080}.Release|Any CPU.ActiveCfg = Release|Any CPU
		{194D8462-07B8-A458-2FF8-E7B77B80F080}.Release|Any CPU.Build.0 = Release|Any CPU
		{B892DABA-057C-CAD6-785B-4ABA3DB3ABC7}.Debug|Any CPU.ActiveCfg = Debug|Any CPU
		{B892DABA-057C-CAD6-785B-4ABA3DB3ABC7}.Debug|Any CPU.Build.0 = Debug|Any CPU
		{B892DABA-057C-CAD6-785B-4ABA3DB3ABC7}.Release|Any CPU.ActiveCfg = Release|Any CPU
		{B892DABA-057C-CAD6-785B-4ABA3DB3ABC7}.Release|Any CPU.Build.0 = Release|Any CPU
		{429A78CC-F478-AF59-1519-CF06F9444497}.Debug|Any CPU.ActiveCfg = Debug|Any CPU
		{429A78CC-F478-AF59-1519-CF06F9444497}.Debug|Any CPU.Build.0 = Debug|Any CPU
		{429A78CC-F478-AF59-1519-CF06F9444497}.Release|Any CPU.ActiveCfg = Release|Any CPU
		{429A78CC-F478-AF59-1519-CF06F9444497}.Release|Any CPU.Build.0 = Release|Any CPU
		{AD1BE77A-3F81-403F-FDE1-CCFDACC7E6D8}.Debug|Any CPU.ActiveCfg = Debug|Any CPU
		{AD1BE77A-3F81-403F-FDE1-CCFDACC7E6D8}.Debug|Any CPU.Build.0 = Debug|Any CPU
		{AD1BE77A-3F81-403F-FDE1-CCFDACC7E6D8}.Release|Any CPU.ActiveCfg = Release|Any CPU
		{AD1BE77A-3F81-403F-FDE1-CCFDACC7E6D8}.Release|Any CPU.Build.0 = Release|Any CPU
		{B8989066-B071-AB00-9393-26F41D6506DB}.Debug|Any CPU.ActiveCfg = Debug|Any CPU
		{B8989066-B071-AB00-9393-26F41D6506DB}.Debug|Any CPU.Build.0 = Debug|Any CPU
		{B8989066-B071-AB00-9393-26F41D6506DB}.Release|Any CPU.ActiveCfg = Release|Any CPU
		{B8989066-B071-AB00-9393-26F41D6506DB}.Release|Any CPU.Build.0 = Release|Any CPU
		{2774BE39-9C77-9997-4589-2D0A527C5B89}.Debug|Any CPU.ActiveCfg = Debug|Any CPU
		{2774BE39-9C77-9997-4589-2D0A527C5B89}.Debug|Any CPU.Build.0 = Debug|Any CPU
		{2774BE39-9C77-9997-4589-2D0A527C5B89}.Release|Any CPU.ActiveCfg = Release|Any CPU
		{2774BE39-9C77-9997-4589-2D0A527C5B89}.Release|Any CPU.Build.0 = Release|Any CPU
		{C0F5964D-B004-751B-7859-A14AF42B1B52}.Debug|Any CPU.ActiveCfg = Debug|Any CPU
		{C0F5964D-B004-751B-7859-A14AF42B1B52}.Debug|Any CPU.Build.0 = Debug|Any CPU
		{C0F5964D-B004-751B-7859-A14AF42B1B52}.Release|Any CPU.ActiveCfg = Release|Any CPU
		{C0F5964D-B004-751B-7859-A14AF42B1B52}.Release|Any CPU.Build.0 = Release|Any CPU
		{E8BB4B6A-8429-50BE-D11E-DA2D58BEC1BE}.Debug|Any CPU.ActiveCfg = Debug|Any CPU
		{E8BB4B6A-8429-50BE-D11E-DA2D58BEC1BE}.Debug|Any CPU.Build.0 = Debug|Any CPU
		{E8BB4B6A-8429-50BE-D11E-DA2D58BEC1BE}.Release|Any CPU.ActiveCfg = Release|Any CPU
		{E8BB4B6A-8429-50BE-D11E-DA2D58BEC1BE}.Release|Any CPU.Build.0 = Release|Any CPU
		{70F9AD83-C679-47CF-D13B-9EB20762D5DD}.Debug|Any CPU.ActiveCfg = Debug|Any CPU
		{70F9AD83-C679-47CF-D13B-9EB20762D5DD}.Debug|Any CPU.Build.0 = Debug|Any CPU
		{70F9AD83-C679-47CF-D13B-9EB20762D5DD}.Release|Any CPU.ActiveCfg = Release|Any CPU
		{70F9AD83-C679-47CF-D13B-9EB20762D5DD}.Release|Any CPU.Build.0 = Release|Any CPU
		{570D7730-FB05-BDD1-5954-CDE1E40E29DF}.Debug|Any CPU.ActiveCfg = Debug|Any CPU
		{570D7730-FB05-BDD1-5954-CDE1E40E29DF}.Debug|Any CPU.Build.0 = Debug|Any CPU
		{570D7730-FB05-BDD1-5954-CDE1E40E29DF}.Release|Any CPU.ActiveCfg = Release|Any CPU
		{570D7730-FB05-BDD1-5954-CDE1E40E29DF}.Release|Any CPU.Build.0 = Release|Any CPU
		{46890203-6552-6630-8ACA-CC3E40A4F2A7}.Debug|Any CPU.ActiveCfg = Debug|Any CPU
		{46890203-6552-6630-8ACA-CC3E40A4F2A7}.Debug|Any CPU.Build.0 = Debug|Any CPU
		{46890203-6552-6630-8ACA-CC3E40A4F2A7}.Release|Any CPU.ActiveCfg = Release|Any CPU
		{46890203-6552-6630-8ACA-CC3E40A4F2A7}.Release|Any CPU.Build.0 = Release|Any CPU
		{BB8D74FB-8C80-C1AC-C7FE-25BF704E9E56}.Debug|Any CPU.ActiveCfg = Debug|Any CPU
		{BB8D74FB-8C80-C1AC-C7FE-25BF704E9E56}.Debug|Any CPU.Build.0 = Debug|Any CPU
		{BB8D74FB-8C80-C1AC-C7FE-25BF704E9E56}.Release|Any CPU.ActiveCfg = Release|Any CPU
		{BB8D74FB-8C80-C1AC-C7FE-25BF704E9E56}.Release|Any CPU.Build.0 = Release|Any CPU
		{559E06A2-1EDF-2558-7907-7C643F6F435C}.Debug|Any CPU.ActiveCfg = Debug|Any CPU
		{559E06A2-1EDF-2558-7907-7C643F6F435C}.Debug|Any CPU.Build.0 = Debug|Any CPU
		{559E06A2-1EDF-2558-7907-7C643F6F435C}.Release|Any CPU.ActiveCfg = Release|Any CPU
		{559E06A2-1EDF-2558-7907-7C643F6F435C}.Release|Any CPU.Build.0 = Release|Any CPU
		{8EF896B1-B76B-2B17-ED27-0D8C9EDC2E0C}.Debug|Any CPU.ActiveCfg = Debug|Any CPU
		{8EF896B1-B76B-2B17-ED27-0D8C9EDC2E0C}.Debug|Any CPU.Build.0 = Debug|Any CPU
		{8EF896B1-B76B-2B17-ED27-0D8C9EDC2E0C}.Release|Any CPU.ActiveCfg = Release|Any CPU
		{8EF896B1-B76B-2B17-ED27-0D8C9EDC2E0C}.Release|Any CPU.Build.0 = Release|Any CPU
		{315199F4-A4AC-B62C-BC8B-2298E4AA28DA}.Debug|Any CPU.ActiveCfg = Debug|Any CPU
		{315199F4-A4AC-B62C-BC8B-2298E4AA28DA}.Debug|Any CPU.Build.0 = Debug|Any CPU
		{315199F4-A4AC-B62C-BC8B-2298E4AA28DA}.Release|Any CPU.ActiveCfg = Release|Any CPU
		{315199F4-A4AC-B62C-BC8B-2298E4AA28DA}.Release|Any CPU.Build.0 = Release|Any CPU
		{9648BF42-8BC2-A434-C375-F71A1AA5A294}.Debug|Any CPU.ActiveCfg = Debug|Any CPU
		{9648BF42-8BC2-A434-C375-F71A1AA5A294}.Debug|Any CPU.Build.0 = Debug|Any CPU
		{9648BF42-8BC2-A434-C375-F71A1AA5A294}.Release|Any CPU.ActiveCfg = Release|Any CPU
		{9648BF42-8BC2-A434-C375-F71A1AA5A294}.Release|Any CPU.Build.0 = Release|Any CPU
		{0A169E5D-8FFF-6B4B-FAA2-0558EC8D1968}.Debug|Any CPU.ActiveCfg = Debug|Any CPU
		{0A169E5D-8FFF-6B4B-FAA2-0558EC8D1968}.Debug|Any CPU.Build.0 = Debug|Any CPU
		{0A169E5D-8FFF-6B4B-FAA2-0558EC8D1968}.Release|Any CPU.ActiveCfg = Release|Any CPU
		{0A169E5D-8FFF-6B4B-FAA2-0558EC8D1968}.Release|Any CPU.Build.0 = Release|Any CPU
		{E1F113BB-9EE3-57EC-803E-944C3993BC83}.Debug|Any CPU.ActiveCfg = Debug|Any CPU
		{E1F113BB-9EE3-57EC-803E-944C3993BC83}.Debug|Any CPU.Build.0 = Debug|Any CPU
		{E1F113BB-9EE3-57EC-803E-944C3993BC83}.Release|Any CPU.ActiveCfg = Release|Any CPU
		{E1F113BB-9EE3-57EC-803E-944C3993BC83}.Release|Any CPU.Build.0 = Release|Any CPU
		{98FFB4EC-2E6D-2BDF-8954-1F702C373161}.Debug|Any CPU.ActiveCfg = Debug|Any CPU
		{98FFB4EC-2E6D-2BDF-8954-1F702C373161}.Debug|Any CPU.Build.0 = Debug|Any CPU
		{98FFB4EC-2E6D-2BDF-8954-1F702C373161}.Release|Any CPU.ActiveCfg = Release|Any CPU
		{98FFB4EC-2E6D-2BDF-8954-1F702C373161}.Release|Any CPU.Build.0 = Release|Any CPU
		{4CE714BD-BA76-48EC-9F56-D5F0645D938A}.Debug|Any CPU.ActiveCfg = Debug|Any CPU
		{4CE714BD-BA76-48EC-9F56-D5F0645D938A}.Debug|Any CPU.Build.0 = Debug|Any CPU
		{4CE714BD-BA76-48EC-9F56-D5F0645D938A}.Release|Any CPU.ActiveCfg = Release|Any CPU
		{4CE714BD-BA76-48EC-9F56-D5F0645D938A}.Release|Any CPU.Build.0 = Release|Any CPU
		{92F2684D-C2E5-4176-869E-733DD76C51DD}.Debug|Any CPU.ActiveCfg = Debug|Any CPU
		{92F2684D-C2E5-4176-869E-733DD76C51DD}.Debug|Any CPU.Build.0 = Debug|Any CPU
		{92F2684D-C2E5-4176-869E-733DD76C51DD}.Release|Any CPU.ActiveCfg = Release|Any CPU
		{92F2684D-C2E5-4176-869E-733DD76C51DD}.Release|Any CPU.Build.0 = Release|Any CPU
		{C929CD59-5C22-8658-5575-44B0E9E2E875}.Debug|Any CPU.ActiveCfg = Debug|Any CPU
		{C929CD59-5C22-8658-5575-44B0E9E2E875}.Debug|Any CPU.Build.0 = Debug|Any CPU
		{C929CD59-5C22-8658-5575-44B0E9E2E875}.Release|Any CPU.ActiveCfg = Release|Any CPU
		{C929CD59-5C22-8658-5575-44B0E9E2E875}.Release|Any CPU.Build.0 = Release|Any CPU
		{2D271FD0-50E9-F302-6D84-104D4DD5702E}.Debug|Any CPU.ActiveCfg = Debug|Any CPU
		{2D271FD0-50E9-F302-6D84-104D4DD5702E}.Debug|Any CPU.Build.0 = Debug|Any CPU
		{2D271FD0-50E9-F302-6D84-104D4DD5702E}.Release|Any CPU.ActiveCfg = Release|Any CPU
		{2D271FD0-50E9-F302-6D84-104D4DD5702E}.Release|Any CPU.Build.0 = Release|Any CPU
	EndGlobalSection
	GlobalSection(SolutionProperties) = preSolution
		HideSolutionNode = FALSE
	EndGlobalSection
EndGlobal
